
Microsoft Visual Studio Solution File, Format Version 12.00
# Visual Studio 15
VisualStudioVersion = 15.0.27428.2043
MinimumVisualStudioVersion = 10.0.40219.1
Project("{FAE04EC0-301F-11D3-BF4B-00C04F79EFBC}") = "ConsolePublisher", "ConsolePublisher\ConsolePublisher.csproj", "{BC711167-C5A3-42C4-B3B3-B79E6F088F68}"
EndProject
Global
	GlobalSection(SolutionConfigurationPlatforms) = preSolution
		Debug|Any CPU = Debug|Any CPU
		Release|Any CPU = Release|Any CPU
	EndGlobalSection
	GlobalSection(ProjectConfigurationPlatforms) = postSolution
		{BC711167-C5A3-42C4-B3B3-B79E6F088F68}.Debug|Any CPU.ActiveCfg = Debug|Any CPU
		{BC711167-C5A3-42C4-B3B3-B79E6F088F68}.Debug|Any CPU.Build.0 = Debug|Any CPU
		{BC711167-C5A3-42C4-B3B3-B79E6F088F68}.Release|Any CPU.ActiveCfg = Release|Any CPU
		{BC711167-C5A3-42C4-B3B3-B79E6F088F68}.Release|Any CPU.Build.0 = Release|Any CPU
	EndGlobalSection
	GlobalSection(SolutionProperties) = preSolution
		HideSolutionNode = FALSE
	EndGlobalSection
	GlobalSection(ExtensibilityGlobals) = postSolution
		SolutionGuid = {6A054052-A811-460D-A55D-2803F848807D}
	EndGlobalSection
EndGlobal
